
Microsoft Visual Studio Solution File, Format Version 12.00
# Visual Studio 15
VisualStudioVersion = 15.0.28010.2036
MinimumVisualStudioVersion = 10.0.40219.1
Project("{E24C65DC-7377-472B-9ABA-BC803B73C61A}") = "TestProject", "TestProject\", "{07B46489-2743-43CF-B611-21F3B9BF2428}"
	ProjectSection(WebsiteProperties) = preProject
		TargetFrameworkMoniker = ".NETFramework,Version%3Dv4.0"
		Debug.AspNetCompiler.VirtualPath = "/localhost_57083"
		Debug.AspNetCompiler.PhysicalPath = "TestProject\"
		Debug.AspNetCompiler.TargetPath = "PrecompiledWeb\localhost_57083\"
		Debug.AspNetCompiler.Updateable = "true"
		Debug.AspNetCompiler.ForceOverwrite = "true"
		Debug.AspNetCompiler.FixedNames = "false"
		Debug.AspNetCompiler.Debug = "True"
		Release.AspNetCompiler.VirtualPath = "/localhost_57083"
		Release.AspNetCompiler.PhysicalPath = "TestProject\"
		Release.AspNetCompiler.TargetPath = "PrecompiledWeb\localhost_57083\"
		Release.AspNetCompiler.Updateable = "true"
		Release.AspNetCompiler.ForceOverwrite = "true"
		Release.AspNetCompiler.FixedNames = "false"
		Release.AspNetCompiler.Debug = "False"
		VWDPort = "57083"
		SlnRelativePath = "TestProject\"
	EndProjectSection
EndProject
Global
	GlobalSection(SolutionConfigurationPlatforms) = preSolution
		Debug|Any CPU = Debug|Any CPU
	EndGlobalSection
	GlobalSection(ProjectConfigurationPlatforms) = postSolution
		{07B46489-2743-43CF-B611-21F3B9BF2428}.Debug|Any CPU.ActiveCfg = Debug|Any CPU
		{07B46489-2743-43CF-B611-21F3B9BF2428}.Debug|Any CPU.Build.0 = Debug|Any CPU
	EndGlobalSection
	GlobalSection(SolutionProperties) = preSolution
		HideSolutionNode = FALSE
	EndGlobalSection
	GlobalSection(ExtensibilityGlobals) = postSolution
		SolutionGuid = {0F42359F-6640-4769-A5AA-39A4D0B01500}
	EndGlobalSection
EndGlobal
